
Microsoft Visual Studio Solution File, Format Version 12.00
# Visual Studio 2013
VisualStudioVersion = 12.0.21005.1
MinimumVisualStudioVersion = 10.0.40219.1
Project("{FAE04EC0-301F-11D3-BF4B-00C04F79EFBC}") = "Simulator", "Simulator\Simulator.csproj", "{888D291C-6BA2-4B2B-831E-3A8BF56F96B6}"
EndProject
Project("{FAE04EC0-301F-11D3-BF4B-00C04F79EFBC}") = "Designer", "Designer\Designer.csproj", "{A3FA9D7F-5F70-4F58-88DB-E2DBAE576595}"
EndProject
Global
	GlobalSection(SolutionConfigurationPlatforms) = preSolution
		Debug|Any CPU = Debug|Any CPU
		Release|Any CPU = Release|Any CPU
	EndGlobalSection
	GlobalSection(ProjectConfigurationPlatforms) = postSolution
		{888D291C-6BA2-4B2B-831E-3A8BF56F96B6}.Debug|Any CPU.ActiveCfg = Debug|Any CPU
		{888D291C-6BA2-4B2B-831E-3A8BF56F96B6}.Debug|Any CPU.Build.0 = Debug|Any CPU
		{888D291C-6BA2-4B2B-831E-3A8BF56F96B6}.Release|Any CPU.ActiveCfg = Release|Any CPU
		{888D291C-6BA2-4B2B-831E-3A8BF56F96B6}.Release|Any CPU.Build.0 = Release|Any CPU
		{A3FA9D7F-5F70-4F58-88DB-E2DBAE576595}.Debug|Any CPU.ActiveCfg = Debug|Any CPU
		{A3FA9D7F-5F70-4F58-88DB-E2DBAE576595}.Debug|Any CPU.Build.0 = Debug|Any CPU
		{A3FA9D7F-5F70-4F58-88DB-E2DBAE576595}.Release|Any CPU.ActiveCfg = Release|Any CPU
		{A3FA9D7F-5F70-4F58-88DB-E2DBAE576595}.Release|Any CPU.Build.0 = Release|Any CPU
	EndGlobalSection
	GlobalSection(SolutionProperties) = preSolution
		HideSolutionNode = FALSE
	EndGlobalSection
EndGlobal
