
Microsoft Visual Studio Solution File, Format Version 12.00
# Visual Studio 15
VisualStudioVersion = 15.0.26430.6
MinimumVisualStudioVersion = 10.0.40219.1
Project("{2150E333-8FDC-42A3-9474-1A3956D46DE8}") = "Apps", "Apps", "{4C6EC22D-76F2-4926-8BA1-D0DCB561CCC7}"
EndProject
Project("{2150E333-8FDC-42A3-9474-1A3956D46DE8}") = "Libraries", "Libraries", "{39D52BDA-1A90-4D37-B1B0-368DA18755DB}"
EndProject
Project("{2150E333-8FDC-42A3-9474-1A3956D46DE8}") = "Tests", "Tests", "{0D1D26A4-9760-49DC-B364-58A55BD80AE6}"
EndProject
Project("{FAE04EC0-301F-11D3-BF4B-00C04F79EFBC}") = "Logging", "Libraries\Logging\Logging.csproj", "{ED819065-45A8-46B8-BB2D-F7D455B4212D}"
EndProject
Project("{FAE04EC0-301F-11D3-BF4B-00C04F79EFBC}") = "Storage", "Libraries\Storage\Storage.csproj", "{449FE2D1-7194-4D34-9591-8CC91283F9B2}"
EndProject
Project("{FAE04EC0-301F-11D3-BF4B-00C04F79EFBC}") = "Shared.Tests", "Tests\Shared.Tests\Shared.Tests.csproj", "{A4032A5F-C844-4A1F-9EA4-A9F2961BE146}"
EndProject
Project("{FAE04EC0-301F-11D3-BF4B-00C04F79EFBC}") = "Creator", "Apps\Creator\Creator.csproj", "{5994ED34-3DF5-4990-A846-E0D99B161CDB}"
EndProject
Project("{FAE04EC0-301F-11D3-BF4B-00C04F79EFBC}") = "Simulator", "Apps\Simulator\Simulator.csproj", "{01B71730-E5C0-4D28-8339-FDD6A309C3C3}"
EndProject
Project("{FAE04EC0-301F-11D3-BF4B-00C04F79EFBC}") = "Core", "Libraries\Core\Core.csproj", "{9DE31A3B-CE60-4060-9759-456836347917}"
EndProject
Project("{FAE04EC0-301F-11D3-BF4B-00C04F79EFBC}") = "ExamIO", "Libraries\ExamIO\ExamIO.csproj", "{E44B3A3C-F13E-4D65-9EB5-9EA9D9FEE913}"
EndProject
Project("{FAE04EC0-301F-11D3-BF4B-00C04F79EFBC}") = "Shared.WinForms", "Libraries\Shared.WinForms\Shared.WinForms.csproj", "{427C412F-A56E-4CA1-8250-911B230495F7}"
EndProject
Project("{FAE04EC0-301F-11D3-BF4B-00C04F79EFBC}") = "Storage.Tests", "Tests\Storage.Tests\Storage.Tests.csproj", "{5DDFB849-C396-4317-9916-43F7789C13CA}"
EndProject
Global
	GlobalSection(SolutionConfigurationPlatforms) = preSolution
		Debug|Any CPU = Debug|Any CPU
		Debug|x64 = Debug|x64
		Debug|x86 = Debug|x86
		Release|Any CPU = Release|Any CPU
		Release|x64 = Release|x64
		Release|x86 = Release|x86
	EndGlobalSection
	GlobalSection(ProjectConfigurationPlatforms) = postSolution
		{ED819065-45A8-46B8-BB2D-F7D455B4212D}.Debug|Any CPU.ActiveCfg = Debug|Any CPU
		{ED819065-45A8-46B8-BB2D-F7D455B4212D}.Debug|Any CPU.Build.0 = Debug|Any CPU
		{ED819065-45A8-46B8-BB2D-F7D455B4212D}.Debug|x64.ActiveCfg = Debug|Any CPU
		{ED819065-45A8-46B8-BB2D-F7D455B4212D}.Debug|x64.Build.0 = Debug|Any CPU
		{ED819065-45A8-46B8-BB2D-F7D455B4212D}.Debug|x86.ActiveCfg = Debug|Any CPU
		{ED819065-45A8-46B8-BB2D-F7D455B4212D}.Debug|x86.Build.0 = Debug|Any CPU
		{ED819065-45A8-46B8-BB2D-F7D455B4212D}.Release|Any CPU.ActiveCfg = Release|Any CPU
		{ED819065-45A8-46B8-BB2D-F7D455B4212D}.Release|Any CPU.Build.0 = Release|Any CPU
		{ED819065-45A8-46B8-BB2D-F7D455B4212D}.Release|x64.ActiveCfg = Release|Any CPU
		{ED819065-45A8-46B8-BB2D-F7D455B4212D}.Release|x64.Build.0 = Release|Any CPU
		{ED819065-45A8-46B8-BB2D-F7D455B4212D}.Release|x86.ActiveCfg = Release|Any CPU
		{ED819065-45A8-46B8-BB2D-F7D455B4212D}.Release|x86.Build.0 = Release|Any CPU
		{449FE2D1-7194-4D34-9591-8CC91283F9B2}.Debug|Any CPU.ActiveCfg = Debug|Any CPU
		{449FE2D1-7194-4D34-9591-8CC91283F9B2}.Debug|Any CPU.Build.0 = Debug|Any CPU
		{449FE2D1-7194-4D34-9591-8CC91283F9B2}.Debug|x64.ActiveCfg = Debug|Any CPU
		{449FE2D1-7194-4D34-9591-8CC91283F9B2}.Debug|x64.Build.0 = Debug|Any CPU
		{449FE2D1-7194-4D34-9591-8CC91283F9B2}.Debug|x86.ActiveCfg = Debug|Any CPU
		{449FE2D1-7194-4D34-9591-8CC91283F9B2}.Debug|x86.Build.0 = Debug|Any CPU
		{449FE2D1-7194-4D34-9591-8CC91283F9B2}.Release|Any CPU.ActiveCfg = Release|Any CPU
		{449FE2D1-7194-4D34-9591-8CC91283F9B2}.Release|Any CPU.Build.0 = Release|Any CPU
		{449FE2D1-7194-4D34-9591-8CC91283F9B2}.Release|x64.ActiveCfg = Release|Any CPU
		{449FE2D1-7194-4D34-9591-8CC91283F9B2}.Release|x64.Build.0 = Release|Any CPU
		{449FE2D1-7194-4D34-9591-8CC91283F9B2}.Release|x86.ActiveCfg = Release|Any CPU
		{449FE2D1-7194-4D34-9591-8CC91283F9B2}.Release|x86.Build.0 = Release|Any CPU
		{A4032A5F-C844-4A1F-9EA4-A9F2961BE146}.Debug|Any CPU.ActiveCfg = Debug|Any CPU
		{A4032A5F-C844-4A1F-9EA4-A9F2961BE146}.Debug|Any CPU.Build.0 = Debug|Any CPU
		{A4032A5F-C844-4A1F-9EA4-A9F2961BE146}.Debug|x64.ActiveCfg = Debug|Any CPU
		{A4032A5F-C844-4A1F-9EA4-A9F2961BE146}.Debug|x64.Build.0 = Debug|Any CPU
		{A4032A5F-C844-4A1F-9EA4-A9F2961BE146}.Debug|x86.ActiveCfg = Debug|Any CPU
		{A4032A5F-C844-4A1F-9EA4-A9F2961BE146}.Debug|x86.Build.0 = Debug|Any CPU
		{A4032A5F-C844-4A1F-9EA4-A9F2961BE146}.Release|Any CPU.ActiveCfg = Release|Any CPU
		{A4032A5F-C844-4A1F-9EA4-A9F2961BE146}.Release|Any CPU.Build.0 = Release|Any CPU
		{A4032A5F-C844-4A1F-9EA4-A9F2961BE146}.Release|x64.ActiveCfg = Release|Any CPU
		{A4032A5F-C844-4A1F-9EA4-A9F2961BE146}.Release|x64.Build.0 = Release|Any CPU
		{A4032A5F-C844-4A1F-9EA4-A9F2961BE146}.Release|x86.ActiveCfg = Release|Any CPU
		{A4032A5F-C844-4A1F-9EA4-A9F2961BE146}.Release|x86.Build.0 = Release|Any CPU
		{5994ED34-3DF5-4990-A846-E0D99B161CDB}.Debug|Any CPU.ActiveCfg = Debug|Any CPU
		{5994ED34-3DF5-4990-A846-E0D99B161CDB}.Debug|Any CPU.Build.0 = Debug|Any CPU
		{5994ED34-3DF5-4990-A846-E0D99B161CDB}.Debug|x64.ActiveCfg = Debug|Any CPU
		{5994ED34-3DF5-4990-A846-E0D99B161CDB}.Debug|x64.Build.0 = Debug|Any CPU
		{5994ED34-3DF5-4990-A846-E0D99B161CDB}.Debug|x86.ActiveCfg = Debug|Any CPU
		{5994ED34-3DF5-4990-A846-E0D99B161CDB}.Debug|x86.Build.0 = Debug|Any CPU
		{5994ED34-3DF5-4990-A846-E0D99B161CDB}.Release|Any CPU.ActiveCfg = Release|Any CPU
		{5994ED34-3DF5-4990-A846-E0D99B161CDB}.Release|Any CPU.Build.0 = Release|Any CPU
		{5994ED34-3DF5-4990-A846-E0D99B161CDB}.Release|x64.ActiveCfg = Release|Any CPU
		{5994ED34-3DF5-4990-A846-E0D99B161CDB}.Release|x64.Build.0 = Release|Any CPU
		{5994ED34-3DF5-4990-A846-E0D99B161CDB}.Release|x86.ActiveCfg = Release|Any CPU
		{5994ED34-3DF5-4990-A846-E0D99B161CDB}.Release|x86.Build.0 = Release|Any CPU
		{01B71730-E5C0-4D28-8339-FDD6A309C3C3}.Debug|Any CPU.ActiveCfg = Debug|Any CPU
		{01B71730-E5C0-4D28-8339-FDD6A309C3C3}.Debug|Any CPU.Build.0 = Debug|Any CPU
		{01B71730-E5C0-4D28-8339-FDD6A309C3C3}.Debug|x64.ActiveCfg = Debug|Any CPU
		{01B71730-E5C0-4D28-8339-FDD6A309C3C3}.Debug|x64.Build.0 = Debug|Any CPU
		{01B71730-E5C0-4D28-8339-FDD6A309C3C3}.Debug|x86.ActiveCfg = Debug|Any CPU
		{01B71730-E5C0-4D28-8339-FDD6A309C3C3}.Debug|x86.Build.0 = Debug|Any CPU
		{01B71730-E5C0-4D28-8339-FDD6A309C3C3}.Release|Any CPU.ActiveCfg = Release|Any CPU
		{01B71730-E5C0-4D28-8339-FDD6A309C3C3}.Release|Any CPU.Build.0 = Release|Any CPU
		{01B71730-E5C0-4D28-8339-FDD6A309C3C3}.Release|x64.ActiveCfg = Release|Any CPU
		{01B71730-E5C0-4D28-8339-FDD6A309C3C3}.Release|x64.Build.0 = Release|Any CPU
		{01B71730-E5C0-4D28-8339-FDD6A309C3C3}.Release|x86.ActiveCfg = Release|Any CPU
		{01B71730-E5C0-4D28-8339-FDD6A309C3C3}.Release|x86.Build.0 = Release|Any CPU
		{9DE31A3B-CE60-4060-9759-456836347917}.Debug|Any CPU.ActiveCfg = Debug|Any CPU
		{9DE31A3B-CE60-4060-9759-456836347917}.Debug|Any CPU.Build.0 = Debug|Any CPU
		{9DE31A3B-CE60-4060-9759-456836347917}.Debug|x64.ActiveCfg = Debug|Any CPU
		{9DE31A3B-CE60-4060-9759-456836347917}.Debug|x64.Build.0 = Debug|Any CPU
		{9DE31A3B-CE60-4060-9759-456836347917}.Debug|x86.ActiveCfg = Debug|Any CPU
		{9DE31A3B-CE60-4060-9759-456836347917}.Debug|x86.Build.0 = Debug|Any CPU
		{9DE31A3B-CE60-4060-9759-456836347917}.Release|Any CPU.ActiveCfg = Release|Any CPU
		{9DE31A3B-CE60-4060-9759-456836347917}.Release|Any CPU.Build.0 = Release|Any CPU
		{9DE31A3B-CE60-4060-9759-456836347917}.Release|x64.ActiveCfg = Release|Any CPU
		{9DE31A3B-CE60-4060-9759-456836347917}.Release|x64.Build.0 = Release|Any CPU
		{9DE31A3B-CE60-4060-9759-456836347917}.Release|x86.ActiveCfg = Release|Any CPU
		{9DE31A3B-CE60-4060-9759-456836347917}.Release|x86.Build.0 = Release|Any CPU
		{E44B3A3C-F13E-4D65-9EB5-9EA9D9FEE913}.Debug|Any CPU.ActiveCfg = Debug|Any CPU
		{E44B3A3C-F13E-4D65-9EB5-9EA9D9FEE913}.Debug|Any CPU.Build.0 = Debug|Any CPU
		{E44B3A3C-F13E-4D65-9EB5-9EA9D9FEE913}.Debug|x64.ActiveCfg = Debug|Any CPU
		{E44B3A3C-F13E-4D65-9EB5-9EA9D9FEE913}.Debug|x64.Build.0 = Debug|Any CPU
		{E44B3A3C-F13E-4D65-9EB5-9EA9D9FEE913}.Debug|x86.ActiveCfg = Debug|Any CPU
		{E44B3A3C-F13E-4D65-9EB5-9EA9D9FEE913}.Debug|x86.Build.0 = Debug|Any CPU
		{E44B3A3C-F13E-4D65-9EB5-9EA9D9FEE913}.Release|Any CPU.ActiveCfg = Release|Any CPU
		{E44B3A3C-F13E-4D65-9EB5-9EA9D9FEE913}.Release|Any CPU.Build.0 = Release|Any CPU
		{E44B3A3C-F13E-4D65-9EB5-9EA9D9FEE913}.Release|x64.ActiveCfg = Release|Any CPU
		{E44B3A3C-F13E-4D65-9EB5-9EA9D9FEE913}.Release|x64.Build.0 = Release|Any CPU
		{E44B3A3C-F13E-4D65-9EB5-9EA9D9FEE913}.Release|x86.ActiveCfg = Release|Any CPU
		{E44B3A3C-F13E-4D65-9EB5-9EA9D9FEE913}.Release|x86.Build.0 = Release|Any CPU
		{427C412F-A56E-4CA1-8250-911B230495F7}.Debug|Any CPU.ActiveCfg = Debug|Any CPU
		{427C412F-A56E-4CA1-8250-911B230495F7}.Debug|Any CPU.Build.0 = Debug|Any CPU
		{427C412F-A56E-4CA1-8250-911B230495F7}.Debug|x64.ActiveCfg = Debug|Any CPU
		{427C412F-A56E-4CA1-8250-911B230495F7}.Debug|x64.Build.0 = Debug|Any CPU
		{427C412F-A56E-4CA1-8250-911B230495F7}.Debug|x86.ActiveCfg = Debug|Any CPU
		{427C412F-A56E-4CA1-8250-911B230495F7}.Debug|x86.Build.0 = Debug|Any CPU
		{427C412F-A56E-4CA1-8250-911B230495F7}.Release|Any CPU.ActiveCfg = Release|Any CPU
		{427C412F-A56E-4CA1-8250-911B230495F7}.Release|Any CPU.Build.0 = Release|Any CPU
		{427C412F-A56E-4CA1-8250-911B230495F7}.Release|x64.ActiveCfg = Release|Any CPU
		{427C412F-A56E-4CA1-8250-911B230495F7}.Release|x64.Build.0 = Release|Any CPU
		{427C412F-A56E-4CA1-8250-911B230495F7}.Release|x86.ActiveCfg = Release|Any CPU
		{427C412F-A56E-4CA1-8250-911B230495F7}.Release|x86.Build.0 = Release|Any CPU
		{5DDFB849-C396-4317-9916-43F7789C13CA}.Debug|Any CPU.ActiveCfg = Debug|Any CPU
		{5DDFB849-C396-4317-9916-43F7789C13CA}.Debug|Any CPU.Build.0 = Debug|Any CPU
		{5DDFB849-C396-4317-9916-43F7789C13CA}.Debug|x64.ActiveCfg = Debug|Any CPU
		{5DDFB849-C396-4317-9916-43F7789C13CA}.Debug|x64.Build.0 = Debug|Any CPU
		{5DDFB849-C396-4317-9916-43F7789C13CA}.Debug|x86.ActiveCfg = Debug|Any CPU
		{5DDFB849-C396-4317-9916-43F7789C13CA}.Debug|x86.Build.0 = Debug|Any CPU
		{5DDFB849-C396-4317-9916-43F7789C13CA}.Release|Any CPU.ActiveCfg = Release|Any CPU
		{5DDFB849-C396-4317-9916-43F7789C13CA}.Release|Any CPU.Build.0 = Release|Any CPU
		{5DDFB849-C396-4317-9916-43F7789C13CA}.Release|x64.ActiveCfg = Release|Any CPU
		{5DDFB849-C396-4317-9916-43F7789C13CA}.Release|x64.Build.0 = Release|Any CPU
		{5DDFB849-C396-4317-9916-43F7789C13CA}.Release|x86.ActiveCfg = Release|Any CPU
		{5DDFB849-C396-4317-9916-43F7789C13CA}.Release|x86.Build.0 = Release|Any CPU
	EndGlobalSection
	GlobalSection(SolutionProperties) = preSolution
		HideSolutionNode = FALSE
	EndGlobalSection
	GlobalSection(NestedProjects) = preSolution
		{ED819065-45A8-46B8-BB2D-F7D455B4212D} = {39D52BDA-1A90-4D37-B1B0-368DA18755DB}
		{449FE2D1-7194-4D34-9591-8CC91283F9B2} = {39D52BDA-1A90-4D37-B1B0-368DA18755DB}
		{A4032A5F-C844-4A1F-9EA4-A9F2961BE146} = {0D1D26A4-9760-49DC-B364-58A55BD80AE6}
		{5994ED34-3DF5-4990-A846-E0D99B161CDB} = {4C6EC22D-76F2-4926-8BA1-D0DCB561CCC7}
		{01B71730-E5C0-4D28-8339-FDD6A309C3C3} = {4C6EC22D-76F2-4926-8BA1-D0DCB561CCC7}
		{9DE31A3B-CE60-4060-9759-456836347917} = {39D52BDA-1A90-4D37-B1B0-368DA18755DB}
		{E44B3A3C-F13E-4D65-9EB5-9EA9D9FEE913} = {39D52BDA-1A90-4D37-B1B0-368DA18755DB}
		{427C412F-A56E-4CA1-8250-911B230495F7} = {39D52BDA-1A90-4D37-B1B0-368DA18755DB}
		{5DDFB849-C396-4317-9916-43F7789C13CA} = {0D1D26A4-9760-49DC-B364-58A55BD80AE6}
	EndGlobalSection
EndGlobal
