
Microsoft Visual Studio Solution File, Format Version 12.00
Project("{FAE04EC0-301F-11D3-BF4B-00C04F79EFBC}") = "Creator", "Creator\Creator.csproj", "{5A90F0A0-E541-4452-9038-96015D278319}"
EndProject
Project("{FAE04EC0-301F-11D3-BF4B-00C04F79EFBC}") = "Simulator", "Simulator\Simulator.csproj", "{A92E820C-87AE-46D4-9569-219CD91546AE}"
EndProject
Project("{FAE04EC0-301F-11D3-BF4B-00C04F79EFBC}") = "Shared", "Shared\Shared.csproj", "{3FAC1A95-FEAC-4E9A-92C8-1D0C48815E32}"
EndProject
Project("{FAE04EC0-301F-11D3-BF4B-00C04F79EFBC}") = "Storage", "Storage\Storage.csproj", "{4C8BDA0F-8194-4CEA-9571-56C18D681BC9}"
EndProject
Project("{FAE04EC0-301F-11D3-BF4B-00C04F79EFBC}") = "oes.Models", "oes.Models\oes.Models.csproj", "{069CC6E9-3853-4731-AE66-14290D027120}"
EndProject
Global
	GlobalSection(SolutionConfigurationPlatforms) = preSolution
		Debug|Any CPU = Debug|Any CPU
		Release|Any CPU = Release|Any CPU
	EndGlobalSection
	GlobalSection(ProjectConfigurationPlatforms) = postSolution
		{5A90F0A0-E541-4452-9038-96015D278319}.Debug|Any CPU.ActiveCfg = Debug|Any CPU
		{5A90F0A0-E541-4452-9038-96015D278319}.Debug|Any CPU.Build.0 = Debug|Any CPU
		{5A90F0A0-E541-4452-9038-96015D278319}.Release|Any CPU.ActiveCfg = Release|Any CPU
		{5A90F0A0-E541-4452-9038-96015D278319}.Release|Any CPU.Build.0 = Release|Any CPU
		{A92E820C-87AE-46D4-9569-219CD91546AE}.Debug|Any CPU.ActiveCfg = Debug|Any CPU
		{A92E820C-87AE-46D4-9569-219CD91546AE}.Debug|Any CPU.Build.0 = Debug|Any CPU
		{A92E820C-87AE-46D4-9569-219CD91546AE}.Release|Any CPU.ActiveCfg = Release|Any CPU
		{A92E820C-87AE-46D4-9569-219CD91546AE}.Release|Any CPU.Build.0 = Release|Any CPU
		{3FAC1A95-FEAC-4E9A-92C8-1D0C48815E32}.Debug|Any CPU.ActiveCfg = Debug|Any CPU
		{3FAC1A95-FEAC-4E9A-92C8-1D0C48815E32}.Debug|Any CPU.Build.0 = Debug|Any CPU
		{3FAC1A95-FEAC-4E9A-92C8-1D0C48815E32}.Release|Any CPU.ActiveCfg = Release|Any CPU
		{3FAC1A95-FEAC-4E9A-92C8-1D0C48815E32}.Release|Any CPU.Build.0 = Release|Any CPU
		{4C8BDA0F-8194-4CEA-9571-56C18D681BC9}.Debug|Any CPU.ActiveCfg = Debug|Any CPU
		{4C8BDA0F-8194-4CEA-9571-56C18D681BC9}.Debug|Any CPU.Build.0 = Debug|Any CPU
		{4C8BDA0F-8194-4CEA-9571-56C18D681BC9}.Release|Any CPU.ActiveCfg = Release|Any CPU
		{4C8BDA0F-8194-4CEA-9571-56C18D681BC9}.Release|Any CPU.Build.0 = Release|Any CPU
		{069CC6E9-3853-4731-AE66-14290D027120}.Debug|Any CPU.ActiveCfg = Debug|Any CPU
		{069CC6E9-3853-4731-AE66-14290D027120}.Debug|Any CPU.Build.0 = Debug|Any CPU
		{069CC6E9-3853-4731-AE66-14290D027120}.Release|Any CPU.ActiveCfg = Release|Any CPU
		{069CC6E9-3853-4731-AE66-14290D027120}.Release|Any CPU.Build.0 = Release|Any CPU
	EndGlobalSection
EndGlobal
